<?xml version="1.0" encoding="UTF-8"?>
<Scheme
   version = "1.3">
   <BuildAction>
      <BuildActionEntries>
         <BuildActionEntry
            buildForRunning = "YES">
            <BuildableReference
               BuildableIdentifier = "primary"
               BlueprintIdentifier = "6EB616B9F06312F049D72085"
               BuildableName = "FluxDictionary.app"
               BlueprintName = "FluxDictionary"
               ReferencedContainer = "container:FluxDictionary.xcodeproj">
            </BuildableReference>
         </BuildActionEntry>
      </BuildActionEntries>
   </BuildAction>
   <LaunchAction
      useCustomWorkingDirectory = "NO"
      buildConfiguration = "Debug">
      <BuildableProductRunnable>
         <BuildableReference
            BuildableIdentifier = "primary"
            BlueprintIdentifier = "6EB616B9F06312F049D72085"
            BuildableName = "FluxDictionary.app"
            BlueprintName = "FluxDictionary"
            ReferencedContainer = "container:FluxDictionary.xcodeproj">
         </BuildableReference>
      </BuildableProductRunnable>
   </LaunchAction>
</Scheme>
